{
    "_meta": {
        "hash": {
            "sha256": "7a88d57d4bf52c286f4bfbf2f9857ed19bcf2fc9e15fe44b114cab3059988b1d"
        },
        "pipfile-spec": 6,
        "requires": {
            "python_version": "3.8"
        },
        "sources": [
            {
                "name": "pypi",
                "url": "https://pypi.org/simple",
                "verify_ssl": true
            }
        ]
    },
    "default": {
        "certifi": {
            "hashes": [
                "sha256:017c25db2a153ce562900032d5bc68e9f191e44e9a0f762f373977de9df1fbb3",
                "sha256:25b64c7da4cd7479594d035c08c2d809eb4aab3a26e5a990ea98cc450c320f1f"
            ],
            "version": "==2019.11.28"
        },
        "chardet": {
            "hashes": [
                "sha256:84ab92ed1c4d4f16916e05906b6b75a6c0fb5db821cc65e70cbd64a3e2a5eaae",
                "sha256:fc323ffcaeaed0e0a02bf4d117757b98aed530d9ed4531e3e15460124c106691"
            ],
            "version": "==3.0.4"
        },
        "future": {
            "hashes": [
                "sha256:b1bead90b70cf6ec3f0710ae53a525360fa360d306a86583adc6bf83a4db537d"
            ],
            "version": "==0.18.2"
        },
        "idna": {
            "hashes": [
                "sha256:c357b3f628cf53ae2c4c05627ecc484553142ca23264e593d327bcde5e9c3407",
                "sha256:ea8b7f6188e6fa117537c3df7da9fc686d485087abf6ac197f9c46432f7e4a3c"
            ],
            "version": "==2.8"
        },
        "oauthlib": {
            "hashes": [
                "sha256:bee41cc35fcca6e988463cacc3bcb8a96224f470ca547e697b604cc697b2f889",
                "sha256:df884cd6cbe20e32633f1db1072e9356f53638e4361bef4e8b03c9127c9328ea"
            ],
            "version": "==3.1.0"
        },
        "pycurl": {
            "hashes": [
                "sha256:1957c867e2a341f5526c107c7bbc5014d6e75fdc2a14294fcb8a47663fbd2e15",
                "sha256:50aee0469511a9708a1f1a50d510b5ec2013fc6f5e720c32bbcb3b9c7b0f45b1",
                "sha256:667db26516e50ce4a853745906f3b149c24756d85061b9d966eb7ec43a8c48a4",
                "sha256:7cc13d3421cbd31921d77e22d1f57c0e1a8d0fb461938a587689a93162ccef2f",
                "sha256:a0c62dbc66b9b947832307d6cf7bdb5e4da906ce7b3efe6f74292e8f3dc5abe3",
                "sha256:a6966e8d9ccda31c6d077c4f8673aaa88141cc73d50e110e93e627b816d17fd1",
                "sha256:beadfa7f052626864d70eb33cec8f2aeece12dfb483c2424cc07b057f83b7d35",
                "sha256:c5c379c8cc777dda397f86f0d0049480250ae84a82a9d99d668f461d368fb39c",
                "sha256:ec7dd291545842295b7b56c12c90ffad2976cc7070c98d7b1517b7b6cd5994b3"
            ],
            "index": "pypi",
            "version": "==7.43.0.5"
        },
        "python-twitter": {
            "hashes": [
                "sha256:45855742f1095aa0c8c57b2983eee3b6b7f527462b50a2fa8437a8b398544d90",
                "sha256:4a420a6cb6ee9d0c8da457c8a8573f709c2ff2e1a7542e2d38807ebbfe8ebd1d"
            ],
            "index": "pypi",
            "version": "==3.5"
        },
        "requests": {
            "hashes": [
                "sha256:11e007a8a2aa0323f5a921e9e6a2d7e4e67d9877e85773fba9ba6419025cbeb4",
                "sha256:9cf5292fcd0f598c671cfc1e0d7d1a7f13bb8085e9a590f48c010551dc6c4b31"
            ],
            "version": "==2.22.0"
        },
        "requests-oauthlib": {
            "hashes": [
                "sha256:7f71572defaecd16372f9006f33c2ec8c077c3cfa6f5911a9a90202beb513f3d",
                "sha256:b4261601a71fd721a8bd6d7aa1cc1d6a8a93b4a9f5e96626f8e4d91e8beeaa6a"
            ],
            "version": "==1.3.0"
        },
        "urllib3": {
            "hashes": [
                "sha256:2f3db8b19923a873b3e5256dc9c2dedfa883e33d87c690d9c7913e1f40673cdc",
                "sha256:87716c2d2a7121198ebcb7ce7cccf6ce5e9ba539041cfbaeecfb641dc0bf6acc"
            ],
            "version": "==1.25.8"
        }
    },
    "develop": {}
}
